
Microsoft Visual Studio Solution File, Format Version 12.00
# Visual Studio Version 16
VisualStudioVersion = 16.0.29306.81
MinimumVisualStudioVersion = 10.0.40219.1
Project("{FAE04EC0-301F-11D3-BF4B-00C04F79EFBC}") = "minesweeper (CS 208- big quiz)", "minesweeper (CS 208- big quiz).csproj", "{969A6649-5E5A-495C-B8B1-87C3F35D1919}"
EndProject
Global
	GlobalSection(SolutionConfigurationPlatforms) = preSolution
		Debug|Any CPU = Debug|Any CPU
		Release|Any CPU = Release|Any CPU
	EndGlobalSection
	GlobalSection(ProjectConfigurationPlatforms) = postSolution
		{969A6649-5E5A-495C-B8B1-87C3F35D1919}.Debug|Any CPU.ActiveCfg = Debug|Any CPU
		{969A6649-5E5A-495C-B8B1-87C3F35D1919}.Debug|Any CPU.Build.0 = Debug|Any CPU
		{969A6649-5E5A-495C-B8B1-87C3F35D1919}.Release|Any CPU.ActiveCfg = Release|Any CPU
		{969A6649-5E5A-495C-B8B1-87C3F35D1919}.Release|Any CPU.Build.0 = Release|Any CPU
	EndGlobalSection
	GlobalSection(SolutionProperties) = preSolution
		HideSolutionNode = FALSE
	EndGlobalSection
	GlobalSection(ExtensibilityGlobals) = postSolution
		SolutionGuid = {5BEA236A-B688-4858-9337-EE8984D9410E}
	EndGlobalSection
EndGlobal
